
Microsoft Visual Studio Solution File, Format Version 9.00
# Visual Studio 2005
Project("{8BC9CEB8-8B4A-11D0-8D11-00A0C91BC942}") = "MyGUIEngine", "MyGUIEngine\MyGUIEngine_v8.vcproj", "{405A03C7-B201-4D0B-BCC6-9DB8B707A62A}"
EndProject
Project("{2150E333-8FDC-42A3-9474-1A3956D46DE8}") = "Demos", "Demos", "{53E069AE-8AB4-4B30-9C53-52CAFFD0AF7C}"
EndProject
Project("{2150E333-8FDC-42A3-9474-1A3956D46DE8}") = "Engine", "Engine", "{FF04096E-87B7-4004-A8A7-A717FB699EB9}"
EndProject
Project("{2150E333-8FDC-42A3-9474-1A3956D46DE8}") = "Tools", "Tools", "{F0EE6C2D-8A03-483C-8F2E-4629A95F9835}"
EndProject
Project("{8BC9CEB8-8B4A-11D0-8D11-00A0C91BC942}") = "Demo_ScrollView", "Demos\Demo_ScrollView\Demo_ScrollView_v8.vcproj", "{27F56E63-8D84-4F8A-B060-BC9625D83364}"
	ProjectSection(ProjectDependencies) = postProject
		{405A03C7-B201-4D0B-BCC6-9DB8B707A62A} = {405A03C7-B201-4D0B-BCC6-9DB8B707A62A}
	EndProjectSection
EndProject
Project("{8BC9CEB8-8B4A-11D0-8D11-00A0C91BC942}") = "Demo_ItemBox", "Demos\Demo_ItemBox\Demo_ItemBox_v8.vcproj", "{8B3B5565-5D4A-4EED-A6B9-9FDB521A5098}"
	ProjectSection(ProjectDependencies) = postProject
		{405A03C7-B201-4D0B-BCC6-9DB8B707A62A} = {405A03C7-B201-4D0B-BCC6-9DB8B707A62A}
	EndProjectSection
EndProject
Project("{2150E333-8FDC-42A3-9474-1A3956D46DE8}") = "Plugins", "Plugins", "{94EC4CB8-6C05-4159-B33F-790B101CFDF5}"
EndProject
Project("{8BC9CEB8-8B4A-11D0-8D11-00A0C91BC942}") = "Plugin_StrangeButton", "Plugins\Plugin_StrangeButton\Plugin_StrangeButton_v8.vcproj", "{D43133FF-CFE1-48B2-8529-8918A4C81B05}"
EndProject
Project("{8BC9CEB8-8B4A-11D0-8D11-00A0C91BC942}") = "Demo_PluginStrangeButton", "Demos\Demo_PluginStrangeButton\Demo_PluginStrangeButton_v8.vcproj", "{7E1D6F51-4042-4ACF-A189-96C9D4E33D56}"
	ProjectSection(ProjectDependencies) = postProject
		{D43133FF-CFE1-48B2-8529-8918A4C81B05} = {D43133FF-CFE1-48B2-8529-8918A4C81B05}
		{405A03C7-B201-4D0B-BCC6-9DB8B707A62A} = {405A03C7-B201-4D0B-BCC6-9DB8B707A62A}
	EndProjectSection
EndProject
Project("{8BC9CEB8-8B4A-11D0-8D11-00A0C91BC942}") = "Demo_Console", "Demos\Demo_Console\Demo_Console_v8.vcproj", "{691EEDDA-B30E-4DB9-B99D-6FC45E620B40}"
	ProjectSection(ProjectDependencies) = postProject
		{405A03C7-B201-4D0B-BCC6-9DB8B707A62A} = {405A03C7-B201-4D0B-BCC6-9DB8B707A62A}
	EndProjectSection
EndProject
Project("{8BC9CEB8-8B4A-11D0-8D11-00A0C91BC942}") = "Demo_StaticImage", "Demos\Demo_StaticImage\Demo_StaticImage_v8.vcproj", "{C64CEBC7-EB2B-4B75-81F8-5CE234625E2E}"
	ProjectSection(ProjectDependencies) = postProject
		{405A03C7-B201-4D0B-BCC6-9DB8B707A62A} = {405A03C7-B201-4D0B-BCC6-9DB8B707A62A}
	EndProjectSection
EndProject
Project("{8BC9CEB8-8B4A-11D0-8D11-00A0C91BC942}") = "Demo_PanelView", "Demos\Demo_PanelView\Demo_PanelView_v8.vcproj", "{8397B0ED-9AC7-4E8C-B2C6-C7B5358D2267}"
	ProjectSection(ProjectDependencies) = postProject
		{405A03C7-B201-4D0B-BCC6-9DB8B707A62A} = {405A03C7-B201-4D0B-BCC6-9DB8B707A62A}
	EndProjectSection
EndProject
Project("{8BC9CEB8-8B4A-11D0-8D11-00A0C91BC942}") = "Demo_Font", "Demos\Demo_Font\Demo_Font_v8.vcproj", "{683D1C80-F7EB-4438-A2E4-6F3E8429F371}"
	ProjectSection(ProjectDependencies) = postProject
		{405A03C7-B201-4D0B-BCC6-9DB8B707A62A} = {405A03C7-B201-4D0B-BCC6-9DB8B707A62A}
	EndProjectSection
EndProject
Project("{8BC9CEB8-8B4A-11D0-8D11-00A0C91BC942}") = "Demo_Colour", "Demos\Demo_Colour\Demo_Colour_v8.vcproj", "{77A21DBC-355F-479B-89F3-170FB3E0D77F}"
EndProject
Project("{8BC9CEB8-8B4A-11D0-8D11-00A0C91BC942}") = "Demo_Picking", "Demos\Demo_Picking\Demo_Picking_v8.vcproj", "{32B344E6-7846-4382-8F2D-E8ED13E1CF19}"
EndProject
Project("{8BC9CEB8-8B4A-11D0-8D11-00A0C91BC942}") = "Demo_Gui", "Demos\Demo_Gui\Demo_Gui_v8.vcproj", "{FDACCB4C-45FB-42D6-AAEF-3D21FE75B54D}"
EndProject
Project("{8BC9CEB8-8B4A-11D0-8D11-00A0C91BC942}") = "ImageSetViewer", "Tools\ImageSetViewer\ImageSetViewer_v8.vcproj", "{3DC78FC7-4EE5-4079-AAAF-E83DD2653426}"
EndProject
Project("{8BC9CEB8-8B4A-11D0-8D11-00A0C91BC942}") = "LayoutEditor", "Tools\LayoutEditor\LayoutEditor_v8.vcproj", "{0B1E368C-0E94-40DE-85D0-D0D00F43D57A}"
EndProject
Project("{8BC9CEB8-8B4A-11D0-8D11-00A0C91BC942}") = "Demo_Controllers", "Demos\Demo_Controllers\Demo_Controllers_v8.vcproj", "{5BB3DEB5-77D2-4657-885B-39CB23F52A50}"
EndProject
Project("{8BC9CEB8-8B4A-11D0-8D11-00A0C91BC942}") = "Demo_Themes", "Demos\Demo_Themes\Demo_Themes_v8.vcproj", "{B846FBD6-F49F-487B-9E53-0473170A2871}"
EndProject
Project("{8BC9CEB8-8B4A-11D0-8D11-00A0C91BC942}") = "Plugin_HikariWidget", "Plugins\Plugin_HikariWidget\Plugin_HikariWidget_v8.vcproj", "{4932C4E4-8325-4313-95C0-6645E5EDC1EB}"
EndProject
Project("{8BC9CEB8-8B4A-11D0-8D11-00A0C91BC942}") = "Plugin_AwesomiumWidget", "Plugins\Plugin_AwesomiumWidget\Plugin_AwesomiumWidget_v8.vcproj", "{27366AF0-593B-4698-90CB-5959C8B8F380}"
EndProject
Global
	GlobalSection(SolutionConfigurationPlatforms) = preSolution
		Debug|Any CPU = Debug|Any CPU
		Debug|Mixed Platforms = Debug|Mixed Platforms
		Debug|Win32 = Debug|Win32
		Release|Any CPU = Release|Any CPU
		Release|Mixed Platforms = Release|Mixed Platforms
		Release|Win32 = Release|Win32
	EndGlobalSection
	GlobalSection(ProjectConfigurationPlatforms) = postSolution
		{405A03C7-B201-4D0B-BCC6-9DB8B707A62A}.Debug|Any CPU.ActiveCfg = Debug|Win32
		{405A03C7-B201-4D0B-BCC6-9DB8B707A62A}.Debug|Mixed Platforms.ActiveCfg = Debug|Win32
		{405A03C7-B201-4D0B-BCC6-9DB8B707A62A}.Debug|Mixed Platforms.Build.0 = Debug|Win32
		{405A03C7-B201-4D0B-BCC6-9DB8B707A62A}.Debug|Win32.ActiveCfg = Debug|Win32
		{405A03C7-B201-4D0B-BCC6-9DB8B707A62A}.Debug|Win32.Build.0 = Debug|Win32
		{405A03C7-B201-4D0B-BCC6-9DB8B707A62A}.Release|Any CPU.ActiveCfg = Release|Win32
		{405A03C7-B201-4D0B-BCC6-9DB8B707A62A}.Release|Mixed Platforms.ActiveCfg = Release|Win32
		{405A03C7-B201-4D0B-BCC6-9DB8B707A62A}.Release|Mixed Platforms.Build.0 = Release|Win32
		{405A03C7-B201-4D0B-BCC6-9DB8B707A62A}.Release|Win32.ActiveCfg = Release|Win32
		{405A03C7-B201-4D0B-BCC6-9DB8B707A62A}.Release|Win32.Build.0 = Release|Win32
		{27F56E63-8D84-4F8A-B060-BC9625D83364}.Debug|Any CPU.ActiveCfg = Debug|Win32
		{27F56E63-8D84-4F8A-B060-BC9625D83364}.Debug|Mixed Platforms.ActiveCfg = Debug|Win32
		{27F56E63-8D84-4F8A-B060-BC9625D83364}.Debug|Mixed Platforms.Build.0 = Debug|Win32
		{27F56E63-8D84-4F8A-B060-BC9625D83364}.Debug|Win32.ActiveCfg = Debug|Win32
		{27F56E63-8D84-4F8A-B060-BC9625D83364}.Debug|Win32.Build.0 = Debug|Win32
		{27F56E63-8D84-4F8A-B060-BC9625D83364}.Release|Any CPU.ActiveCfg = Release|Win32
		{27F56E63-8D84-4F8A-B060-BC9625D83364}.Release|Mixed Platforms.ActiveCfg = Release|Win32
		{27F56E63-8D84-4F8A-B060-BC9625D83364}.Release|Mixed Platforms.Build.0 = Release|Win32
		{27F56E63-8D84-4F8A-B060-BC9625D83364}.Release|Win32.ActiveCfg = Release|Win32
		{27F56E63-8D84-4F8A-B060-BC9625D83364}.Release|Win32.Build.0 = Release|Win32
		{8B3B5565-5D4A-4EED-A6B9-9FDB521A5098}.Debug|Any CPU.ActiveCfg = Debug|Win32
		{8B3B5565-5D4A-4EED-A6B9-9FDB521A5098}.Debug|Mixed Platforms.ActiveCfg = Debug|Win32
		{8B3B5565-5D4A-4EED-A6B9-9FDB521A5098}.Debug|Mixed Platforms.Build.0 = Debug|Win32
		{8B3B5565-5D4A-4EED-A6B9-9FDB521A5098}.Debug|Win32.ActiveCfg = Debug|Win32
		{8B3B5565-5D4A-4EED-A6B9-9FDB521A5098}.Debug|Win32.Build.0 = Debug|Win32
		{8B3B5565-5D4A-4EED-A6B9-9FDB521A5098}.Release|Any CPU.ActiveCfg = Release|Win32
		{8B3B5565-5D4A-4EED-A6B9-9FDB521A5098}.Release|Mixed Platforms.ActiveCfg = Release|Win32
		{8B3B5565-5D4A-4EED-A6B9-9FDB521A5098}.Release|Mixed Platforms.Build.0 = Release|Win32
		{8B3B5565-5D4A-4EED-A6B9-9FDB521A5098}.Release|Win32.ActiveCfg = Release|Win32
		{8B3B5565-5D4A-4EED-A6B9-9FDB521A5098}.Release|Win32.Build.0 = Release|Win32
		{D43133FF-CFE1-48B2-8529-8918A4C81B05}.Debug|Any CPU.ActiveCfg = Debug|Win32
		{D43133FF-CFE1-48B2-8529-8918A4C81B05}.Debug|Mixed Platforms.ActiveCfg = Debug|Win32
		{D43133FF-CFE1-48B2-8529-8918A4C81B05}.Debug|Mixed Platforms.Build.0 = Debug|Win32
		{D43133FF-CFE1-48B2-8529-8918A4C81B05}.Debug|Win32.ActiveCfg = Debug|Win32
		{D43133FF-CFE1-48B2-8529-8918A4C81B05}.Debug|Win32.Build.0 = Debug|Win32
		{D43133FF-CFE1-48B2-8529-8918A4C81B05}.Release|Any CPU.ActiveCfg = Release|Win32
		{D43133FF-CFE1-48B2-8529-8918A4C81B05}.Release|Mixed Platforms.ActiveCfg = Release|Win32
		{D43133FF-CFE1-48B2-8529-8918A4C81B05}.Release|Mixed Platforms.Build.0 = Release|Win32
		{D43133FF-CFE1-48B2-8529-8918A4C81B05}.Release|Win32.ActiveCfg = Release|Win32
		{D43133FF-CFE1-48B2-8529-8918A4C81B05}.Release|Win32.Build.0 = Release|Win32
		{7E1D6F51-4042-4ACF-A189-96C9D4E33D56}.Debug|Any CPU.ActiveCfg = Debug|Win32
		{7E1D6F51-4042-4ACF-A189-96C9D4E33D56}.Debug|Mixed Platforms.ActiveCfg = Debug|Win32
		{7E1D6F51-4042-4ACF-A189-96C9D4E33D56}.Debug|Mixed Platforms.Build.0 = Debug|Win32
		{7E1D6F51-4042-4ACF-A189-96C9D4E33D56}.Debug|Win32.ActiveCfg = Debug|Win32
		{7E1D6F51-4042-4ACF-A189-96C9D4E33D56}.Debug|Win32.Build.0 = Debug|Win32
		{7E1D6F51-4042-4ACF-A189-96C9D4E33D56}.Release|Any CPU.ActiveCfg = Release|Win32
		{7E1D6F51-4042-4ACF-A189-96C9D4E33D56}.Release|Mixed Platforms.ActiveCfg = Release|Win32
		{7E1D6F51-4042-4ACF-A189-96C9D4E33D56}.Release|Mixed Platforms.Build.0 = Release|Win32
		{7E1D6F51-4042-4ACF-A189-96C9D4E33D56}.Release|Win32.ActiveCfg = Release|Win32
		{7E1D6F51-4042-4ACF-A189-96C9D4E33D56}.Release|Win32.Build.0 = Release|Win32
		{691EEDDA-B30E-4DB9-B99D-6FC45E620B40}.Debug|Any CPU.ActiveCfg = Debug|Win32
		{691EEDDA-B30E-4DB9-B99D-6FC45E620B40}.Debug|Mixed Platforms.ActiveCfg = Debug|Win32
		{691EEDDA-B30E-4DB9-B99D-6FC45E620B40}.Debug|Mixed Platforms.Build.0 = Debug|Win32
		{691EEDDA-B30E-4DB9-B99D-6FC45E620B40}.Debug|Win32.ActiveCfg = Debug|Win32
		{691EEDDA-B30E-4DB9-B99D-6FC45E620B40}.Debug|Win32.Build.0 = Debug|Win32
		{691EEDDA-B30E-4DB9-B99D-6FC45E620B40}.Release|Any CPU.ActiveCfg = Release|Win32
		{691EEDDA-B30E-4DB9-B99D-6FC45E620B40}.Release|Mixed Platforms.ActiveCfg = Release|Win32
		{691EEDDA-B30E-4DB9-B99D-6FC45E620B40}.Release|Mixed Platforms.Build.0 = Release|Win32
		{691EEDDA-B30E-4DB9-B99D-6FC45E620B40}.Release|Win32.ActiveCfg = Release|Win32
		{691EEDDA-B30E-4DB9-B99D-6FC45E620B40}.Release|Win32.Build.0 = Release|Win32
		{C64CEBC7-EB2B-4B75-81F8-5CE234625E2E}.Debug|Any CPU.ActiveCfg = Debug|Win32
		{C64CEBC7-EB2B-4B75-81F8-5CE234625E2E}.Debug|Mixed Platforms.ActiveCfg = Debug|Win32
		{C64CEBC7-EB2B-4B75-81F8-5CE234625E2E}.Debug|Mixed Platforms.Build.0 = Debug|Win32
		{C64CEBC7-EB2B-4B75-81F8-5CE234625E2E}.Debug|Win32.ActiveCfg = Debug|Win32
		{C64CEBC7-EB2B-4B75-81F8-5CE234625E2E}.Debug|Win32.Build.0 = Debug|Win32
		{C64CEBC7-EB2B-4B75-81F8-5CE234625E2E}.Release|Any CPU.ActiveCfg = Release|Win32
		{C64CEBC7-EB2B-4B75-81F8-5CE234625E2E}.Release|Mixed Platforms.ActiveCfg = Release|Win32
		{C64CEBC7-EB2B-4B75-81F8-5CE234625E2E}.Release|Mixed Platforms.Build.0 = Release|Win32
		{C64CEBC7-EB2B-4B75-81F8-5CE234625E2E}.Release|Win32.ActiveCfg = Release|Win32
		{C64CEBC7-EB2B-4B75-81F8-5CE234625E2E}.Release|Win32.Build.0 = Release|Win32
		{8397B0ED-9AC7-4E8C-B2C6-C7B5358D2267}.Debug|Any CPU.ActiveCfg = Debug|Win32
		{8397B0ED-9AC7-4E8C-B2C6-C7B5358D2267}.Debug|Mixed Platforms.ActiveCfg = Debug|Win32
		{8397B0ED-9AC7-4E8C-B2C6-C7B5358D2267}.Debug|Mixed Platforms.Build.0 = Debug|Win32
		{8397B0ED-9AC7-4E8C-B2C6-C7B5358D2267}.Debug|Win32.ActiveCfg = Debug|Win32
		{8397B0ED-9AC7-4E8C-B2C6-C7B5358D2267}.Debug|Win32.Build.0 = Debug|Win32
		{8397B0ED-9AC7-4E8C-B2C6-C7B5358D2267}.Release|Any CPU.ActiveCfg = Release|Win32
		{8397B0ED-9AC7-4E8C-B2C6-C7B5358D2267}.Release|Mixed Platforms.ActiveCfg = Release|Win32
		{8397B0ED-9AC7-4E8C-B2C6-C7B5358D2267}.Release|Mixed Platforms.Build.0 = Release|Win32
		{8397B0ED-9AC7-4E8C-B2C6-C7B5358D2267}.Release|Win32.ActiveCfg = Release|Win32
		{8397B0ED-9AC7-4E8C-B2C6-C7B5358D2267}.Release|Win32.Build.0 = Release|Win32
		{683D1C80-F7EB-4438-A2E4-6F3E8429F371}.Debug|Any CPU.ActiveCfg = Debug|Win32
		{683D1C80-F7EB-4438-A2E4-6F3E8429F371}.Debug|Mixed Platforms.ActiveCfg = Debug|Win32
		{683D1C80-F7EB-4438-A2E4-6F3E8429F371}.Debug|Mixed Platforms.Build.0 = Debug|Win32
		{683D1C80-F7EB-4438-A2E4-6F3E8429F371}.Debug|Win32.ActiveCfg = Debug|Win32
		{683D1C80-F7EB-4438-A2E4-6F3E8429F371}.Debug|Win32.Build.0 = Debug|Win32
		{683D1C80-F7EB-4438-A2E4-6F3E8429F371}.Release|Any CPU.ActiveCfg = Release|Win32
		{683D1C80-F7EB-4438-A2E4-6F3E8429F371}.Release|Mixed Platforms.ActiveCfg = Release|Win32
		{683D1C80-F7EB-4438-A2E4-6F3E8429F371}.Release|Mixed Platforms.Build.0 = Release|Win32
		{683D1C80-F7EB-4438-A2E4-6F3E8429F371}.Release|Win32.ActiveCfg = Release|Win32
		{683D1C80-F7EB-4438-A2E4-6F3E8429F371}.Release|Win32.Build.0 = Release|Win32
		{77A21DBC-355F-479B-89F3-170FB3E0D77F}.Debug|Any CPU.ActiveCfg = Debug|Win32
		{77A21DBC-355F-479B-89F3-170FB3E0D77F}.Debug|Mixed Platforms.ActiveCfg = Debug|Win32
		{77A21DBC-355F-479B-89F3-170FB3E0D77F}.Debug|Mixed Platforms.Build.0 = Debug|Win32
		{77A21DBC-355F-479B-89F3-170FB3E0D77F}.Debug|Win32.ActiveCfg = Debug|Win32
		{77A21DBC-355F-479B-89F3-170FB3E0D77F}.Debug|Win32.Build.0 = Debug|Win32
		{77A21DBC-355F-479B-89F3-170FB3E0D77F}.Release|Any CPU.ActiveCfg = Release|Win32
		{77A21DBC-355F-479B-89F3-170FB3E0D77F}.Release|Mixed Platforms.ActiveCfg = Release|Win32
		{77A21DBC-355F-479B-89F3-170FB3E0D77F}.Release|Mixed Platforms.Build.0 = Release|Win32
		{77A21DBC-355F-479B-89F3-170FB3E0D77F}.Release|Win32.ActiveCfg = Release|Win32
		{77A21DBC-355F-479B-89F3-170FB3E0D77F}.Release|Win32.Build.0 = Release|Win32
		{32B344E6-7846-4382-8F2D-E8ED13E1CF19}.Debug|Any CPU.ActiveCfg = Debug|Win32
		{32B344E6-7846-4382-8F2D-E8ED13E1CF19}.Debug|Mixed Platforms.ActiveCfg = Debug|Win32
		{32B344E6-7846-4382-8F2D-E8ED13E1CF19}.Debug|Mixed Platforms.Build.0 = Debug|Win32
		{32B344E6-7846-4382-8F2D-E8ED13E1CF19}.Debug|Win32.ActiveCfg = Debug|Win32
		{32B344E6-7846-4382-8F2D-E8ED13E1CF19}.Debug|Win32.Build.0 = Debug|Win32
		{32B344E6-7846-4382-8F2D-E8ED13E1CF19}.Release|Any CPU.ActiveCfg = Release|Win32
		{32B344E6-7846-4382-8F2D-E8ED13E1CF19}.Release|Mixed Platforms.ActiveCfg = Release|Win32
		{32B344E6-7846-4382-8F2D-E8ED13E1CF19}.Release|Mixed Platforms.Build.0 = Release|Win32
		{32B344E6-7846-4382-8F2D-E8ED13E1CF19}.Release|Win32.ActiveCfg = Release|Win32
		{32B344E6-7846-4382-8F2D-E8ED13E1CF19}.Release|Win32.Build.0 = Release|Win32
		{FDACCB4C-45FB-42D6-AAEF-3D21FE75B54D}.Debug|Any CPU.ActiveCfg = Debug|Win32
		{FDACCB4C-45FB-42D6-AAEF-3D21FE75B54D}.Debug|Mixed Platforms.ActiveCfg = Debug|Win32
		{FDACCB4C-45FB-42D6-AAEF-3D21FE75B54D}.Debug|Mixed Platforms.Build.0 = Debug|Win32
		{FDACCB4C-45FB-42D6-AAEF-3D21FE75B54D}.Debug|Win32.ActiveCfg = Debug|Win32
		{FDACCB4C-45FB-42D6-AAEF-3D21FE75B54D}.Debug|Win32.Build.0 = Debug|Win32
		{FDACCB4C-45FB-42D6-AAEF-3D21FE75B54D}.Release|Any CPU.ActiveCfg = Release|Win32
		{FDACCB4C-45FB-42D6-AAEF-3D21FE75B54D}.Release|Mixed Platforms.ActiveCfg = Release|Win32
		{FDACCB4C-45FB-42D6-AAEF-3D21FE75B54D}.Release|Mixed Platforms.Build.0 = Release|Win32
		{FDACCB4C-45FB-42D6-AAEF-3D21FE75B54D}.Release|Win32.ActiveCfg = Release|Win32
		{FDACCB4C-45FB-42D6-AAEF-3D21FE75B54D}.Release|Win32.Build.0 = Release|Win32
		{3DC78FC7-4EE5-4079-AAAF-E83DD2653426}.Debug|Any CPU.ActiveCfg = Debug|Win32
		{3DC78FC7-4EE5-4079-AAAF-E83DD2653426}.Debug|Mixed Platforms.ActiveCfg = Debug|Win32
		{3DC78FC7-4EE5-4079-AAAF-E83DD2653426}.Debug|Mixed Platforms.Build.0 = Debug|Win32
		{3DC78FC7-4EE5-4079-AAAF-E83DD2653426}.Debug|Win32.ActiveCfg = Debug|Win32
		{3DC78FC7-4EE5-4079-AAAF-E83DD2653426}.Debug|Win32.Build.0 = Debug|Win32
		{3DC78FC7-4EE5-4079-AAAF-E83DD2653426}.Release|Any CPU.ActiveCfg = Release|Win32
		{3DC78FC7-4EE5-4079-AAAF-E83DD2653426}.Release|Mixed Platforms.ActiveCfg = Release|Win32
		{3DC78FC7-4EE5-4079-AAAF-E83DD2653426}.Release|Mixed Platforms.Build.0 = Release|Win32
		{3DC78FC7-4EE5-4079-AAAF-E83DD2653426}.Release|Win32.ActiveCfg = Release|Win32
		{3DC78FC7-4EE5-4079-AAAF-E83DD2653426}.Release|Win32.Build.0 = Release|Win32
		{0B1E368C-0E94-40DE-85D0-D0D00F43D57A}.Debug|Any CPU.ActiveCfg = Debug|Win32
		{0B1E368C-0E94-40DE-85D0-D0D00F43D57A}.Debug|Mixed Platforms.ActiveCfg = Debug|Win32
		{0B1E368C-0E94-40DE-85D0-D0D00F43D57A}.Debug|Mixed Platforms.Build.0 = Debug|Win32
		{0B1E368C-0E94-40DE-85D0-D0D00F43D57A}.Debug|Win32.ActiveCfg = Debug|Win32
		{0B1E368C-0E94-40DE-85D0-D0D00F43D57A}.Debug|Win32.Build.0 = Debug|Win32
		{0B1E368C-0E94-40DE-85D0-D0D00F43D57A}.Release|Any CPU.ActiveCfg = Release|Win32
		{0B1E368C-0E94-40DE-85D0-D0D00F43D57A}.Release|Mixed Platforms.ActiveCfg = Release|Win32
		{0B1E368C-0E94-40DE-85D0-D0D00F43D57A}.Release|Mixed Platforms.Build.0 = Release|Win32
		{0B1E368C-0E94-40DE-85D0-D0D00F43D57A}.Release|Win32.ActiveCfg = Release|Win32
		{0B1E368C-0E94-40DE-85D0-D0D00F43D57A}.Release|Win32.Build.0 = Release|Win32
		{5BB3DEB5-77D2-4657-885B-39CB23F52A50}.Debug|Any CPU.ActiveCfg = Debug|Win32
		{5BB3DEB5-77D2-4657-885B-39CB23F52A50}.Debug|Mixed Platforms.ActiveCfg = Debug|Win32
		{5BB3DEB5-77D2-4657-885B-39CB23F52A50}.Debug|Mixed Platforms.Build.0 = Debug|Win32
		{5BB3DEB5-77D2-4657-885B-39CB23F52A50}.Debug|Win32.ActiveCfg = Debug|Win32
		{5BB3DEB5-77D2-4657-885B-39CB23F52A50}.Debug|Win32.Build.0 = Debug|Win32
		{5BB3DEB5-77D2-4657-885B-39CB23F52A50}.Release|Any CPU.ActiveCfg = Release|Win32
		{5BB3DEB5-77D2-4657-885B-39CB23F52A50}.Release|Mixed Platforms.ActiveCfg = Release|Win32
		{5BB3DEB5-77D2-4657-885B-39CB23F52A50}.Release|Mixed Platforms.Build.0 = Release|Win32
		{5BB3DEB5-77D2-4657-885B-39CB23F52A50}.Release|Win32.ActiveCfg = Release|Win32
		{5BB3DEB5-77D2-4657-885B-39CB23F52A50}.Release|Win32.Build.0 = Release|Win32
		{B846FBD6-F49F-487B-9E53-0473170A2871}.Debug|Any CPU.ActiveCfg = Debug|Win32
		{B846FBD6-F49F-487B-9E53-0473170A2871}.Debug|Mixed Platforms.ActiveCfg = Debug|Win32
		{B846FBD6-F49F-487B-9E53-0473170A2871}.Debug|Mixed Platforms.Build.0 = Debug|Win32
		{B846FBD6-F49F-487B-9E53-0473170A2871}.Debug|Win32.ActiveCfg = Debug|Win32
		{B846FBD6-F49F-487B-9E53-0473170A2871}.Debug|Win32.Build.0 = Debug|Win32
		{B846FBD6-F49F-487B-9E53-0473170A2871}.Release|Any CPU.ActiveCfg = Release|Win32
		{B846FBD6-F49F-487B-9E53-0473170A2871}.Release|Mixed Platforms.ActiveCfg = Release|Win32
		{B846FBD6-F49F-487B-9E53-0473170A2871}.Release|Mixed Platforms.Build.0 = Release|Win32
		{B846FBD6-F49F-487B-9E53-0473170A2871}.Release|Win32.ActiveCfg = Release|Win32
		{B846FBD6-F49F-487B-9E53-0473170A2871}.Release|Win32.Build.0 = Release|Win32
		{4932C4E4-8325-4313-95C0-6645E5EDC1EB}.Debug|Any CPU.ActiveCfg = Debug|Win32
		{4932C4E4-8325-4313-95C0-6645E5EDC1EB}.Debug|Mixed Platforms.ActiveCfg = Debug|Win32
		{4932C4E4-8325-4313-95C0-6645E5EDC1EB}.Debug|Mixed Platforms.Build.0 = Debug|Win32
		{4932C4E4-8325-4313-95C0-6645E5EDC1EB}.Debug|Win32.ActiveCfg = Debug|Win32
		{4932C4E4-8325-4313-95C0-6645E5EDC1EB}.Debug|Win32.Build.0 = Debug|Win32
		{4932C4E4-8325-4313-95C0-6645E5EDC1EB}.Release|Any CPU.ActiveCfg = Release|Win32
		{4932C4E4-8325-4313-95C0-6645E5EDC1EB}.Release|Mixed Platforms.ActiveCfg = Release|Win32
		{4932C4E4-8325-4313-95C0-6645E5EDC1EB}.Release|Mixed Platforms.Build.0 = Release|Win32
		{4932C4E4-8325-4313-95C0-6645E5EDC1EB}.Release|Win32.ActiveCfg = Release|Win32
		{4932C4E4-8325-4313-95C0-6645E5EDC1EB}.Release|Win32.Build.0 = Release|Win32
		{27366AF0-593B-4698-90CB-5959C8B8F380}.Debug|Any CPU.ActiveCfg = Debug|Win32
		{27366AF0-593B-4698-90CB-5959C8B8F380}.Debug|Mixed Platforms.ActiveCfg = Debug|Win32
		{27366AF0-593B-4698-90CB-5959C8B8F380}.Debug|Mixed Platforms.Build.0 = Debug|Win32
		{27366AF0-593B-4698-90CB-5959C8B8F380}.Debug|Win32.ActiveCfg = Debug|Win32
		{27366AF0-593B-4698-90CB-5959C8B8F380}.Debug|Win32.Build.0 = Debug|Win32
		{27366AF0-593B-4698-90CB-5959C8B8F380}.Release|Any CPU.ActiveCfg = Release|Win32
		{27366AF0-593B-4698-90CB-5959C8B8F380}.Release|Mixed Platforms.ActiveCfg = Release|Win32
		{27366AF0-593B-4698-90CB-5959C8B8F380}.Release|Mixed Platforms.Build.0 = Release|Win32
		{27366AF0-593B-4698-90CB-5959C8B8F380}.Release|Win32.ActiveCfg = Release|Win32
		{27366AF0-593B-4698-90CB-5959C8B8F380}.Release|Win32.Build.0 = Release|Win32
	EndGlobalSection
	GlobalSection(SolutionProperties) = preSolution
		HideSolutionNode = FALSE
	EndGlobalSection
	GlobalSection(NestedProjects) = preSolution
		{405A03C7-B201-4D0B-BCC6-9DB8B707A62A} = {FF04096E-87B7-4004-A8A7-A717FB699EB9}
		{27F56E63-8D84-4F8A-B060-BC9625D83364} = {53E069AE-8AB4-4B30-9C53-52CAFFD0AF7C}
		{8B3B5565-5D4A-4EED-A6B9-9FDB521A5098} = {53E069AE-8AB4-4B30-9C53-52CAFFD0AF7C}
		{7E1D6F51-4042-4ACF-A189-96C9D4E33D56} = {53E069AE-8AB4-4B30-9C53-52CAFFD0AF7C}
		{691EEDDA-B30E-4DB9-B99D-6FC45E620B40} = {53E069AE-8AB4-4B30-9C53-52CAFFD0AF7C}
		{C64CEBC7-EB2B-4B75-81F8-5CE234625E2E} = {53E069AE-8AB4-4B30-9C53-52CAFFD0AF7C}
		{8397B0ED-9AC7-4E8C-B2C6-C7B5358D2267} = {53E069AE-8AB4-4B30-9C53-52CAFFD0AF7C}
		{683D1C80-F7EB-4438-A2E4-6F3E8429F371} = {53E069AE-8AB4-4B30-9C53-52CAFFD0AF7C}
		{77A21DBC-355F-479B-89F3-170FB3E0D77F} = {53E069AE-8AB4-4B30-9C53-52CAFFD0AF7C}
		{32B344E6-7846-4382-8F2D-E8ED13E1CF19} = {53E069AE-8AB4-4B30-9C53-52CAFFD0AF7C}
		{FDACCB4C-45FB-42D6-AAEF-3D21FE75B54D} = {53E069AE-8AB4-4B30-9C53-52CAFFD0AF7C}
		{5BB3DEB5-77D2-4657-885B-39CB23F52A50} = {53E069AE-8AB4-4B30-9C53-52CAFFD0AF7C}
		{B846FBD6-F49F-487B-9E53-0473170A2871} = {53E069AE-8AB4-4B30-9C53-52CAFFD0AF7C}
		{3DC78FC7-4EE5-4079-AAAF-E83DD2653426} = {F0EE6C2D-8A03-483C-8F2E-4629A95F9835}
		{0B1E368C-0E94-40DE-85D0-D0D00F43D57A} = {F0EE6C2D-8A03-483C-8F2E-4629A95F9835}
		{D43133FF-CFE1-48B2-8529-8918A4C81B05} = {94EC4CB8-6C05-4159-B33F-790B101CFDF5}
		{4932C4E4-8325-4313-95C0-6645E5EDC1EB} = {94EC4CB8-6C05-4159-B33F-790B101CFDF5}
		{27366AF0-593B-4698-90CB-5959C8B8F380} = {94EC4CB8-6C05-4159-B33F-790B101CFDF5}
	EndGlobalSection
	GlobalSection(SubversionScc) = preSolution
		Svn-Managed = True
		Manager = AnkhSVN - Subversion Support for Visual Studio
	EndGlobalSection
EndGlobal
