
Microsoft Visual Studio Solution File, Format Version 8.00
Project("{8BC9CEB8-8B4A-11D0-8D11-00A0C91BC942}") = "MyGUIEngine", "MyGUIEngine\MyGUIEngine_v7.vcproj", "{405A03C7-B201-4D0B-BCC6-9DB8B707A62A}"
	ProjectSection(ProjectDependencies) = postProject
	EndProjectSection
EndProject
Project("{8BC9CEB8-8B4A-11D0-8D11-00A0C91BC942}") = "LayoutEditor", "LayoutEditor\LayoutEditor_v7.vcproj", "{0B1E368C-0E94-40DE-85D0-D0D00F43D57A}"
	ProjectSection(ProjectDependencies) = postProject
		{6EEC27FD-7CC5-4AB0-9D26-0E038C4BB773} = {6EEC27FD-7CC5-4AB0-9D26-0E038C4BB773}
	EndProjectSection
EndProject
Project("{8BC9CEB8-8B4A-11D0-8D11-00A0C91BC942}") = "TestApp", "TestApp\TestApp_v7.vcproj", "{382942A7-8159-4340-A6D7-252E10064543}"
	ProjectSection(ProjectDependencies) = postProject
		{0B1E368C-0E94-40DE-85D0-D0D00F43D57A} = {0B1E368C-0E94-40DE-85D0-D0D00F43D57A}
		{6EEC27FD-7CC5-4AB0-9D26-0E038C4BB773} = {6EEC27FD-7CC5-4AB0-9D26-0E038C4BB773}
	EndProjectSection
EndProject
Project("{8BC9CEB8-8B4A-11D0-8D11-00A0C91BC942}") = "TestPlugin", "TestPlugin\TestPlugin_v7.vcproj", "{6EEC27FD-7CC5-4AB0-9D26-0E038C4BB773}"
	ProjectSection(ProjectDependencies) = postProject
	EndProjectSection
EndProject
Project("{8BC9CEB8-8B4A-11D0-8D11-00A0C91BC942}") = "Demo_ItemBox", "Demo_ItemBox\Demo_ItemBox_v7.vcproj", "{8B3B5565-5D4A-4EED-A6B9-9FDB521A5098}"
	ProjectSection(ProjectDependencies) = postProject
		{405A03C7-B201-4D0B-BCC6-9DB8B707A62A} = {405A03C7-B201-4D0B-BCC6-9DB8B707A62A}
	EndProjectSection
EndProject
Global
	GlobalSection(SolutionConfiguration) = preSolution
		Debug = Debug
		Release = Release
	EndGlobalSection
	GlobalSection(ProjectDependencies) = postSolution
	EndGlobalSection
	GlobalSection(ProjectConfiguration) = postSolution
		{405A03C7-B201-4D0B-BCC6-9DB8B707A62A}.Debug.ActiveCfg = Debug|Win32
		{405A03C7-B201-4D0B-BCC6-9DB8B707A62A}.Debug.Build.0 = Debug|Win32
		{405A03C7-B201-4D0B-BCC6-9DB8B707A62A}.Release.ActiveCfg = Release|Win32
		{405A03C7-B201-4D0B-BCC6-9DB8B707A62A}.Release.Build.0 = Release|Win32
		{0B1E368C-0E94-40DE-85D0-D0D00F43D57A}.Debug.ActiveCfg = Debug|Win32
		{0B1E368C-0E94-40DE-85D0-D0D00F43D57A}.Debug.Build.0 = Debug|Win32
		{0B1E368C-0E94-40DE-85D0-D0D00F43D57A}.Release.ActiveCfg = Release|Win32
		{0B1E368C-0E94-40DE-85D0-D0D00F43D57A}.Release.Build.0 = Release|Win32
		{382942A7-8159-4340-A6D7-252E10064543}.Debug.ActiveCfg = Debug|Win32
		{382942A7-8159-4340-A6D7-252E10064543}.Debug.Build.0 = Debug|Win32
		{382942A7-8159-4340-A6D7-252E10064543}.Release.ActiveCfg = Release|Win32
		{382942A7-8159-4340-A6D7-252E10064543}.Release.Build.0 = Release|Win32
		{6EEC27FD-7CC5-4AB0-9D26-0E038C4BB773}.Debug.ActiveCfg = Debug|Win32
		{6EEC27FD-7CC5-4AB0-9D26-0E038C4BB773}.Debug.Build.0 = Debug|Win32
		{6EEC27FD-7CC5-4AB0-9D26-0E038C4BB773}.Release.ActiveCfg = Release|Win32
		{6EEC27FD-7CC5-4AB0-9D26-0E038C4BB773}.Release.Build.0 = Release|Win32
		{8B3B5565-5D4A-4EED-A6B9-9FDB521A5098}.Debug.ActiveCfg = Debug|Win32
		{8B3B5565-5D4A-4EED-A6B9-9FDB521A5098}.Debug.Build.0 = Debug|Win32
		{8B3B5565-5D4A-4EED-A6B9-9FDB521A5098}.Release.ActiveCfg = Release|Win32
		{8B3B5565-5D4A-4EED-A6B9-9FDB521A5098}.Release.Build.0 = Release|Win32
	EndGlobalSection
	GlobalSection(ExtensibilityGlobals) = postSolution
	EndGlobalSection
	GlobalSection(ExtensibilityAddIns) = postSolution
	EndGlobalSection
	GlobalSection(SolutionConfigurationPlatforms) = preSolution
		Debug|Win32 = Debug|Win32
		Release|Win32 = Release|Win32
	EndGlobalSection
	GlobalSection(ProjectConfigurationPlatforms) = postSolution
		{405A03C7-B201-4D0B-BCC6-9DB8B707A62A}.Debug|Win32.ActiveCfg = Debug|Win32
		{405A03C7-B201-4D0B-BCC6-9DB8B707A62A}.Debug|Win32.Build.0 = Debug|Win32
		{405A03C7-B201-4D0B-BCC6-9DB8B707A62A}.Release|Win32.ActiveCfg = Release|Win32
		{405A03C7-B201-4D0B-BCC6-9DB8B707A62A}.Release|Win32.Build.0 = Release|Win32
		{0B1E368C-0E94-40DE-85D0-D0D00F43D57A}.Debug|Win32.ActiveCfg = Debug|Win32
		{0B1E368C-0E94-40DE-85D0-D0D00F43D57A}.Debug|Win32.Build.0 = Debug|Win32
		{0B1E368C-0E94-40DE-85D0-D0D00F43D57A}.Release|Win32.ActiveCfg = Release|Win32
		{0B1E368C-0E94-40DE-85D0-D0D00F43D57A}.Release|Win32.Build.0 = Release|Win32
		{382942A7-8159-4340-A6D7-252E10064543}.Debug|Win32.ActiveCfg = Debug|Win32
		{382942A7-8159-4340-A6D7-252E10064543}.Debug|Win32.Build.0 = Debug|Win32
		{382942A7-8159-4340-A6D7-252E10064543}.Release|Win32.ActiveCfg = Release|Win32
		{382942A7-8159-4340-A6D7-252E10064543}.Release|Win32.Build.0 = Release|Win32
		{6EEC27FD-7CC5-4AB0-9D26-0E038C4BB773}.Debug|Win32.ActiveCfg = Debug|Win32
		{6EEC27FD-7CC5-4AB0-9D26-0E038C4BB773}.Debug|Win32.Build.0 = Debug|Win32
		{6EEC27FD-7CC5-4AB0-9D26-0E038C4BB773}.Release|Win32.ActiveCfg = Release|Win32
		{6EEC27FD-7CC5-4AB0-9D26-0E038C4BB773}.Release|Win32.Build.0 = Release|Win32
		{8B3B5565-5D4A-4EED-A6B9-9FDB521A5098}.Debug|Win32.ActiveCfg = Debug|Win32
		{8B3B5565-5D4A-4EED-A6B9-9FDB521A5098}.Debug|Win32.Build.0 = Debug|Win32
		{8B3B5565-5D4A-4EED-A6B9-9FDB521A5098}.Release|Win32.ActiveCfg = Release|Win32
		{8B3B5565-5D4A-4EED-A6B9-9FDB521A5098}.Release|Win32.Build.0 = Release|Win32
	EndGlobalSection
	GlobalSection(SolutionProperties) = preSolution
		HideSolutionNode = FALSE
	EndGlobalSection
	GlobalSection(NestedProjects) = preSolution
		{8B3B5565-5D4A-4EED-A6B9-9FDB521A5098} = {53E069AE-8AB4-4B30-9C53-52CAFFD0AF7C}
		{405A03C7-B201-4D0B-BCC6-9DB8B707A62A} = {FF04096E-87B7-4004-A8A7-A717FB699EB9}
		{0B1E368C-0E94-40DE-85D0-D0D00F43D57A} = {F0EE6C2D-8A03-483C-8F2E-4629A95F9835}
		{382942A7-8159-4340-A6D7-252E10064543} = {04939F4A-5DB3-4EE4-A9CA-E72EFCDF4518}
		{6EEC27FD-7CC5-4AB0-9D26-0E038C4BB773} = {04939F4A-5DB3-4EE4-A9CA-E72EFCDF4518}
	EndGlobalSection
EndGlobal
