<?xml version="1.0" encoding="UTF-8" standalone="yes" ?>
<CodeBlocks_project_file>
	<FileVersion major="1" minor="6" />
	<Project>
		<Option title="LayoutEditor" />
		<Option pch_mode="2" />
		<Option compiler="gcc" />
		<Build>
			<Target title="Debug">
				<Option output="$(MYGUI_HOME)/bin/Debug/LayoutEditor" prefix_auto="1" extension_auto="1" />
				<Option working_dir="$(MYGUI_HOME)/bin/Debug" />
				<Option object_output="obj/Debug/" />
				<Option type="1" />
				<Option compiler="gcc" />
				<Compiler>
					<Add option="-g" />
				</Compiler>
				<Linker>
					<Add option="-Wl,-rpath,$(MYGUI_HOME)/lib/Debug" />
					<Add library="mygui_d" />
					<Add library="MyGUI.OgrePlatform_d" />
					<Add directory="$(MYGUI_HOME)/lib/Debug" />
				</Linker>
			</Target>
			<Target title="Release">
				<Option output="$(MYGUI_HOME)/bin/Release/LayoutEditor" prefix_auto="1" extension_auto="1" />
				<Option working_dir="$(MYGUI_HOME)/bin/Release" />
				<Option object_output="obj/Release/" />
				<Option type="1" />
				<Option compiler="gcc" />
				<Compiler>
					<Add option="-O3" />
					<Add option="-DNDEBUG" />
				</Compiler>
				<Linker>
					<Add option="-s" />
					<Add option="-Wl,-rpath,$(MYGUI_HOME)/lib/Release" />
					<Add library="mygui" />
					<Add library="MyGUI.OgrePlatform" />
					<Add directory="$(MYGUI_HOME)/lib/Release" />
				</Linker>
			</Target>
		</Build>
		<Compiler>
			<Add option="-Wall" />
			<Add option="-DMYGUI_OGRE_PLATFORM" />
			<Add option="-DMYGUI_USE_FREETYPE" />
			<Add directory="$(OGRE_HOME)/OgreMain/include" />
			<Add directory="$(MYGUI_HOME)/MyGUIEngine/include" />
			<Add directory="$(MYGUI_HOME)/Common" />
			<Add directory="$(MYGUI_HOME)/Platforms/Ogre/OgrePlatform/include" />
			<Add directory="/usr/include/OIS" />
		</Compiler>
		<Linker>
			<Add option="-Wl,-rpath,$(OGRE_HOME)/lib/" />
			<Add library="OgreMain" />
			<Add library="OIS" />
			<Add directory="$(OGRE_HOME)/lib" />
		</Linker>
		<Unit filename="../../Common/Base/BaseManager.cpp" />
		<Unit filename="../../Common/Base/BaseManager.h" />
		<Unit filename="EditorState.cpp" />
		<Unit filename="EditorState.h" />
		<Unit filename="EditorToolTip.cpp" />
		<Unit filename="EditorToolTip.h" />
		<Unit filename="EditorWidgets.cpp" />
		<Unit filename="EditorWidgets.h" />
		<Unit filename="MetaSolutionWindow.cpp" />
		<Unit filename="MetaSolutionWindow.h" />
		<Unit filename="OpenSaveFileDialog.cpp" />
		<Unit filename="OpenSaveFileDialog.h" />
		<Unit filename="PanelItems.cpp" />
		<Unit filename="PanelItems.h" />
		<Unit filename="PanelMainProperties.cpp" />
		<Unit filename="PanelMainProperties.h" />
		<Unit filename="PanelProperties.cpp" />
		<Unit filename="PanelProperties.h" />
		<Unit filename="PanelUserData.cpp" />
		<Unit filename="PanelUserData.h" />
		<Unit filename="PanelView.h" />
		<Unit filename="PanelViewCell.h" />
		<Unit filename="Parse.cpp" />
		<Unit filename="Parse.h" />
		<Unit filename="PropertiesPanelView.cpp" />
		<Unit filename="PropertiesPanelView.h" />
		<Unit filename="SettingsWindow.cpp" />
		<Unit filename="SettingsWindow.h" />
		<Unit filename="UndoManager.cpp" />
		<Unit filename="UndoManager.h" />
		<Unit filename="WidgetContainer.h" />
		<Unit filename="WidgetTypes.cpp" />
		<Unit filename="WidgetTypes.h" />
		<Unit filename="WidgetsWindow.cpp" />
		<Unit filename="WidgetsWindow.h" />
		<Unit filename="resource.h" />
		<Extensions>
			<code_completion />
			<envvars />
			<debugger />
		</Extensions>
	</Project>
</CodeBlocks_project_file>
