
Microsoft Visual Studio Solution File, Format Version 11.00
# Visual C# Express 2010
Project("{FAE04EC0-301F-11D3-BF4B-00C04F79EFBC}") = "MogreApp", "MogreApp\MogreApp.csproj", "{5074FD33-937B-44E7-BBB6-62BF2641DCE7}"
EndProject
Global
	GlobalSection(SolutionConfigurationPlatforms) = preSolution
		Debug|Any CPU = Debug|Any CPU
		Release|Any CPU = Release|Any CPU
	EndGlobalSection
	GlobalSection(ProjectConfigurationPlatforms) = postSolution
		{5074FD33-937B-44E7-BBB6-62BF2641DCE7}.Debug|Any CPU.ActiveCfg = Debug|Any CPU
		{5074FD33-937B-44E7-BBB6-62BF2641DCE7}.Debug|Any CPU.Build.0 = Debug|Any CPU
		{5074FD33-937B-44E7-BBB6-62BF2641DCE7}.Release|Any CPU.ActiveCfg = Release|Any CPU
		{5074FD33-937B-44E7-BBB6-62BF2641DCE7}.Release|Any CPU.Build.0 = Release|Any CPU
	EndGlobalSection
	GlobalSection(SolutionProperties) = preSolution
		HideSolutionNode = FALSE
	EndGlobalSection
EndGlobal
