
Microsoft Visual Studio Solution File, Format Version 11.00
# Visual C# Express 2010
Project("{FAE04EC0-301F-11D3-BF4B-00C04F79EFBC}") = "TestApp_Managed", "TestApp_Managed\TestApp_Managed.csproj", "{70579DF6-9BE2-4623-87B0-C19C05036016}"
EndProject
Global
	GlobalSection(SolutionConfigurationPlatforms) = preSolution
		Debug|Any CPU = Debug|Any CPU
		Release|Any CPU = Release|Any CPU
	EndGlobalSection
	GlobalSection(ProjectConfigurationPlatforms) = postSolution
		{70579DF6-9BE2-4623-87B0-C19C05036016}.Debug|Any CPU.ActiveCfg = Debug|Any CPU
		{70579DF6-9BE2-4623-87B0-C19C05036016}.Debug|Any CPU.Build.0 = Debug|Any CPU
		{70579DF6-9BE2-4623-87B0-C19C05036016}.Release|Any CPU.ActiveCfg = Release|Any CPU
		{70579DF6-9BE2-4623-87B0-C19C05036016}.Release|Any CPU.Build.0 = Release|Any CPU
	EndGlobalSection
	GlobalSection(SolutionProperties) = preSolution
		HideSolutionNode = FALSE
	EndGlobalSection
EndGlobal
