
Microsoft Visual Studio Solution File, Format Version 11.00
# Visual C# Express 2010
Project("{FAE04EC0-301F-11D3-BF4B-00C04F79EFBC}") = "TestApp_Sharp", "TestApp_Sharp\TestApp_Sharp.csproj", "{46C12706-EA6F-4E10-957C-330D369A79A6}"
EndProject
Project("{FAE04EC0-301F-11D3-BF4B-00C04F79EFBC}") = "MyGUI_Sharp", "MyGUI_Sharp\MyGUI_Sharp.csproj", "{2DCEC480-7E44-4A42-8328-D712DE03007D}"
EndProject
Global
	GlobalSection(SolutionConfigurationPlatforms) = preSolution
		Debug|Any CPU = Debug|Any CPU
		Release|Any CPU = Release|Any CPU
	EndGlobalSection
	GlobalSection(ProjectConfigurationPlatforms) = postSolution
		{46C12706-EA6F-4E10-957C-330D369A79A6}.Debug|Any CPU.ActiveCfg = Debug|Any CPU
		{46C12706-EA6F-4E10-957C-330D369A79A6}.Debug|Any CPU.Build.0 = Debug|Any CPU
		{46C12706-EA6F-4E10-957C-330D369A79A6}.Release|Any CPU.ActiveCfg = Release|Any CPU
		{46C12706-EA6F-4E10-957C-330D369A79A6}.Release|Any CPU.Build.0 = Release|Any CPU
		{2DCEC480-7E44-4A42-8328-D712DE03007D}.Debug|Any CPU.ActiveCfg = Debug|Any CPU
		{2DCEC480-7E44-4A42-8328-D712DE03007D}.Debug|Any CPU.Build.0 = Debug|Any CPU
		{2DCEC480-7E44-4A42-8328-D712DE03007D}.Release|Any CPU.ActiveCfg = Release|Any CPU
		{2DCEC480-7E44-4A42-8328-D712DE03007D}.Release|Any CPU.Build.0 = Release|Any CPU
	EndGlobalSection
	GlobalSection(SolutionProperties) = preSolution
		HideSolutionNode = FALSE
	EndGlobalSection
EndGlobal
