
Microsoft Visual Studio Solution File, Format Version 9.00
# Visual Studio 2005
Project("{8BC9CEB8-8B4A-11D0-8D11-00A0C91BC942}") = "MyGUIEngine", "MyGUIEngine\MyGUIEngine_v8.vcproj", "{405A03C7-B201-4D0B-BCC6-9DB8B707A62A}"
EndProject
Project("{8BC9CEB8-8B4A-11D0-8D11-00A0C91BC942}") = "TestApp", "TestApp\TestApp.vcproj", "{382942A7-8159-4340-A6D7-252E10064543}"
EndProject
Project("{8BC9CEB8-8B4A-11D0-8D11-00A0C91BC942}") = "LayoutEditor", "LayoutEditor\LayoutEditor.vcproj", "{0B1E368C-0E94-40DE-85D0-D0D00F43D57A}"
EndProject
Global
	GlobalSection(SolutionConfigurationPlatforms) = preSolution
		Debug|Win32 = Debug|Win32
		Release|Win32 = Release|Win32
	EndGlobalSection
	GlobalSection(ProjectConfigurationPlatforms) = postSolution
		{405A03C7-B201-4D0B-BCC6-9DB8B707A62A}.Debug|Win32.ActiveCfg = Debug|Win32
		{405A03C7-B201-4D0B-BCC6-9DB8B707A62A}.Debug|Win32.Build.0 = Debug|Win32
		{405A03C7-B201-4D0B-BCC6-9DB8B707A62A}.Release|Win32.ActiveCfg = Release|Win32
		{405A03C7-B201-4D0B-BCC6-9DB8B707A62A}.Release|Win32.Build.0 = Release|Win32
		{382942A7-8159-4340-A6D7-252E10064543}.Debug|Win32.ActiveCfg = Debug|Win32
		{382942A7-8159-4340-A6D7-252E10064543}.Debug|Win32.Build.0 = Debug|Win32
		{382942A7-8159-4340-A6D7-252E10064543}.Release|Win32.ActiveCfg = Release|Win32
		{382942A7-8159-4340-A6D7-252E10064543}.Release|Win32.Build.0 = Release|Win32
		{0B1E368C-0E94-40DE-85D0-D0D00F43D57A}.Debug|Win32.ActiveCfg = Debug|Win32
		{0B1E368C-0E94-40DE-85D0-D0D00F43D57A}.Debug|Win32.Build.0 = Debug|Win32
		{0B1E368C-0E94-40DE-85D0-D0D00F43D57A}.Release|Win32.ActiveCfg = Release|Win32
		{0B1E368C-0E94-40DE-85D0-D0D00F43D57A}.Release|Win32.Build.0 = Release|Win32
	EndGlobalSection
	GlobalSection(SolutionProperties) = preSolution
		HideSolutionNode = FALSE
	EndGlobalSection
EndGlobal
