Microsoft Visual Studio Solution File, Format Version 8.00
Project("{8BC9CEB8-8B4A-11D0-8D11-00A0C91BC942}") = "MyGUIEngine", "MyGUIEngine\MyGUIEngine_v7.vcproj", "{5F8593A8-A772-4C4E-99C0-A182D3D9FF64}"
	ProjectSection(ProjectDependencies) = postProject
	EndProjectSection
EndProject
Project("{8BC9CEB8-8B4A-11D0-8D11-00A0C91BC942}") = "TestApp", "TestApp\TestApp_v7.vcproj", "{8AB000C0-B3E6-4291-A674-2AB9392B92FE}"
	ProjectSection(ProjectDependencies) = postProject
		{5F8593A8-A772-4C4E-99C0-A182D3D9FF64} = {5F8593A8-A772-4C4E-99C0-A182D3D9FF64}
	EndProjectSection
EndProject
Project("{8BC9CEB8-8B4A-11D0-8D11-00A0C91BC942}") = "LayoutEditor", "LayoutEditor\LayoutEditor_v7.vcproj", "{73C7D63E-68C2-4B05-99F3-32D88DD3BA41}"
	ProjectSection(ProjectDependencies) = postProject
		{5F8593A8-A772-4C4E-99C0-A182D3D9FF64} = {5F8593A8-A772-4C4E-99C0-A182D3D9FF64}
	EndProjectSection
EndProject
Project("{8BC9CEB8-8B4A-11D0-8D11-00A0C91BC942}") = "TestPlugin", "TestPlugin\TestPlugin_v7.vcproj", "{CF173C40-C851-402B-8777-7F01D0BACA1D}"
	ProjectSection(ProjectDependencies) = postProject
		{5F8593A8-A772-4C4E-99C0-A182D3D9FF64} = {5F8593A8-A772-4C4E-99C0-A182D3D9FF64}
	EndProjectSection
EndProject
Global
	GlobalSection(SolutionConfiguration) = preSolution
		Debug = Debug
		Release = Release
	EndGlobalSection
	GlobalSection(ProjectConfiguration) = postSolution
		{5F8593A8-A772-4C4E-99C0-A182D3D9FF64}.Debug.ActiveCfg = Debug|Win32
		{5F8593A8-A772-4C4E-99C0-A182D3D9FF64}.Debug.Build.0 = Debug|Win32
		{5F8593A8-A772-4C4E-99C0-A182D3D9FF64}.Release.ActiveCfg = Release|Win32
		{5F8593A8-A772-4C4E-99C0-A182D3D9FF64}.Release.Build.0 = Release|Win32
		{8AB000C0-B3E6-4291-A674-2AB9392B92FE}.Debug.ActiveCfg = Debug|Win32
		{8AB000C0-B3E6-4291-A674-2AB9392B92FE}.Debug.Build.0 = Debug|Win32
		{8AB000C0-B3E6-4291-A674-2AB9392B92FE}.Release.ActiveCfg = Release|Win32
		{8AB000C0-B3E6-4291-A674-2AB9392B92FE}.Release.Build.0 = Release|Win32
		{73C7D63E-68C2-4B05-99F3-32D88DD3BA41}.Debug.ActiveCfg = Debug|Win32
		{73C7D63E-68C2-4B05-99F3-32D88DD3BA41}.Debug.Build.0 = Debug|Win32
		{73C7D63E-68C2-4B05-99F3-32D88DD3BA41}.Release.ActiveCfg = Release|Win32
		{73C7D63E-68C2-4B05-99F3-32D88DD3BA41}.Release.Build.0 = Release|Win32
		{CF173C40-C851-402B-8777-7F01D0BACA1D}.Debug.ActiveCfg = Debug|Win32
		{CF173C40-C851-402B-8777-7F01D0BACA1D}.Debug.Build.0 = Debug|Win32
		{CF173C40-C851-402B-8777-7F01D0BACA1D}.Release.ActiveCfg = Release|Win32
		{CF173C40-C851-402B-8777-7F01D0BACA1D}.Release.Build.0 = Release|Win32
	EndGlobalSection
	GlobalSection(ExtensibilityGlobals) = postSolution
	EndGlobalSection
	GlobalSection(ExtensibilityAddIns) = postSolution
	EndGlobalSection
EndGlobal
