<?xml version="1.0" encoding="utf-8"?>
<Project ToolsVersion="4.0" xmlns="http://schemas.microsoft.com/developer/msbuild/2003">
  <ItemGroup>
    <Filter Include="Source Files">
      <UniqueIdentifier>{4FC737F1-C7A5-4376-A066-2A32D752A2FF}</UniqueIdentifier>
      <Extensions>cpp;c;cc;cxx;def;odl;idl;hpj;bat;asm;asmx</Extensions>
    </Filter>
    <Filter Include="Source Files\Managers">
      <UniqueIdentifier>{5198e5d9-0bc2-4ee0-9cf4-f2b545c1c09c}</UniqueIdentifier>
    </Filter>
    <Filter Include="Source Files\Export">
      <UniqueIdentifier>{ca37fcad-e2f8-4383-9187-9f973663ae37}</UniqueIdentifier>
    </Filter>
    <Filter Include="Source Files\Export\Generate">
      <UniqueIdentifier>{f56856de-cfe5-4c5f-a355-7df2feb6530f}</UniqueIdentifier>
    </Filter>
    <Filter Include="Header Files">
      <UniqueIdentifier>{93995380-89BD-4b04-88EB-625FBE52EBFB}</UniqueIdentifier>
      <Extensions>h;hpp;hxx;hm;inl;inc;xsd</Extensions>
    </Filter>
    <Filter Include="Header Files\Export">
      <UniqueIdentifier>{2fe096b3-365b-45df-bc9a-bde040348dec}</UniqueIdentifier>
    </Filter>
    <Filter Include="Header Files\Export\Generate">
      <UniqueIdentifier>{fd935baa-774a-48ce-a3d0-c9d2ae6147a2}</UniqueIdentifier>
    </Filter>
    <Filter Include="Header Files\Platform">
      <UniqueIdentifier>{84b11d1b-4dcb-4598-a017-cb7e8335072e}</UniqueIdentifier>
    </Filter>
    <Filter Include="Source Files\Platform">
      <UniqueIdentifier>{4351df84-f6f6-4037-8791-867b4db66547}</UniqueIdentifier>
    </Filter>
    <Filter Include="Source Files\Extensions">
      <UniqueIdentifier>{98562d3e-b4d5-405d-ac28-9efa15568b7d}</UniqueIdentifier>
    </Filter>
    <Filter Include="Header Files\Extensions">
      <UniqueIdentifier>{a53ab679-e5db-4daa-b939-ca5f724467ed}</UniqueIdentifier>
    </Filter>
  </ItemGroup>
  <ItemGroup>
    <ClCompile Include="ExportGui.cpp">
      <Filter>Source Files\Managers</Filter>
    </ClCompile>
    <ClCompile Include="ExportInputManager.cpp">
      <Filter>Source Files\Managers</Filter>
    </ClCompile>
    <ClCompile Include="ExportLayerManager.cpp">
      <Filter>Source Files\Managers</Filter>
    </ClCompile>
    <ClCompile Include="ExportPointerManager.cpp">
      <Filter>Source Files\Managers</Filter>
    </ClCompile>
    <ClCompile Include="ExportMarshaling.cpp">
      <Filter>Source Files\Export</Filter>
    </ClCompile>
    <ClCompile Include="ExportMarshalingType.cpp">
      <Filter>Source Files\Export</Filter>
    </ClCompile>
    <ClCompile Include="Generate\MyGUI_Export_WidgetCropped.cpp">
      <Filter>Source Files\Export\Generate</Filter>
    </ClCompile>
    <ClCompile Include="Generate\MyGUI_Export_WidgetInput.cpp">
      <Filter>Source Files\Export\Generate</Filter>
    </ClCompile>
    <ClCompile Include="Generate\MyGUI_Export_WidgetUserData.cpp">
      <Filter>Source Files\Export\Generate</Filter>
    </ClCompile>
    <ClCompile Include="Generate\MyGUI_ExportWidget.cpp">
      <Filter>Source Files\Export\Generate</Filter>
    </ClCompile>
    <ClCompile Include="MyGUI_ExportDataManager.cpp">
      <Filter>Source Files\Platform</Filter>
    </ClCompile>
    <ClCompile Include="MyGUI_ExportRenderManager.cpp">
      <Filter>Source Files\Platform</Filter>
    </ClCompile>
    <ClCompile Include="ExportPlatform.cpp">
      <Filter>Source Files\Platform</Filter>
    </ClCompile>
    <ClCompile Include="MyGUI_ExportTexture.cpp">
      <Filter>Source Files\Platform</Filter>
    </ClCompile>
    <ClCompile Include="MyGUI_ExportVertexBuffer.cpp">
      <Filter>Source Files\Platform</Filter>
    </ClCompile>
    <ClCompile Include="MyGUI_ExportPlatform.cpp">
      <Filter>Source Files\Platform</Filter>
    </ClCompile>
    <ClCompile Include="ExportDataManager.cpp">
      <Filter>Source Files\Platform</Filter>
    </ClCompile>
    <ClCompile Include="ExportRenderManager.cpp">
      <Filter>Source Files\Platform</Filter>
    </ClCompile>
    <ClCompile Include="MyGUI_CustomLayer.cpp">
      <Filter>Source Files\Extensions</Filter>
    </ClCompile>
    <ClCompile Include="MyGUI_CustomLayerNode.cpp">
      <Filter>Source Files\Extensions</Filter>
    </ClCompile>
    <ClCompile Include="ExportLayers.cpp">
      <Filter>Source Files\Extensions</Filter>
    </ClCompile>
  </ItemGroup>
  <ItemGroup>
    <ClInclude Include="ExportDefine.h">
      <Filter>Header Files\Export</Filter>
    </ClInclude>
    <ClInclude Include="ExportMarshaling.h">
      <Filter>Header Files\Export</Filter>
    </ClInclude>
    <ClInclude Include="ExportMarshalingType.h">
      <Filter>Header Files\Export</Filter>
    </ClInclude>
    <ClInclude Include="Generate\MyGUI_Export_Button.h">
      <Filter>Header Files\Export\Generate</Filter>
    </ClInclude>
    <ClInclude Include="Generate\MyGUI_Export_ComboBox.h">
      <Filter>Header Files\Export\Generate</Filter>
    </ClInclude>
    <ClInclude Include="Generate\MyGUI_Export_DDContainer.h">
      <Filter>Header Files\Export\Generate</Filter>
    </ClInclude>
    <ClInclude Include="Generate\MyGUI_Export_EditBox.h">
      <Filter>Header Files\Export\Generate</Filter>
    </ClInclude>
    <ClInclude Include="Generate\MyGUI_Export_ImageBox.h">
      <Filter>Header Files\Export\Generate</Filter>
    </ClInclude>
    <ClInclude Include="Generate\MyGUI_Export_ItemBox.h">
      <Filter>Header Files\Export\Generate</Filter>
    </ClInclude>
    <ClInclude Include="Generate\MyGUI_Export_ListBox.h">
      <Filter>Header Files\Export\Generate</Filter>
    </ClInclude>
    <ClInclude Include="Generate\MyGUI_Export_MarshalingWidget.h">
      <Filter>Header Files\Export\Generate</Filter>
    </ClInclude>
    <ClInclude Include="Generate\MyGUI_Export_MenuBar.h">
      <Filter>Header Files\Export\Generate</Filter>
    </ClInclude>
    <ClInclude Include="Generate\MyGUI_Export_MenuControl.h">
      <Filter>Header Files\Export\Generate</Filter>
    </ClInclude>
    <ClInclude Include="Generate\MyGUI_Export_MenuItem.h">
      <Filter>Header Files\Export\Generate</Filter>
    </ClInclude>
    <ClInclude Include="Generate\MyGUI_Export_MultiListBox.h">
      <Filter>Header Files\Export\Generate</Filter>
    </ClInclude>
    <ClInclude Include="Generate\MyGUI_Export_MultiListItem.h">
      <Filter>Header Files\Export\Generate</Filter>
    </ClInclude>
    <ClInclude Include="Generate\MyGUI_Export_PopupMenu.h">
      <Filter>Header Files\Export\Generate</Filter>
    </ClInclude>
    <ClInclude Include="Generate\MyGUI_Export_ProgressBar.h">
      <Filter>Header Files\Export\Generate</Filter>
    </ClInclude>
    <ClInclude Include="Generate\MyGUI_Export_ScrollBar.h">
      <Filter>Header Files\Export\Generate</Filter>
    </ClInclude>
    <ClInclude Include="Generate\MyGUI_Export_ScrollView.h">
      <Filter>Header Files\Export\Generate</Filter>
    </ClInclude>
    <ClInclude Include="Generate\MyGUI_Export_TabControl.h">
      <Filter>Header Files\Export\Generate</Filter>
    </ClInclude>
    <ClInclude Include="Generate\MyGUI_Export_TabItem.h">
      <Filter>Header Files\Export\Generate</Filter>
    </ClInclude>
    <ClInclude Include="Generate\MyGUI_Export_TextBox.h">
      <Filter>Header Files\Export\Generate</Filter>
    </ClInclude>
    <ClInclude Include="Generate\MyGUI_Export_Widget.h">
      <Filter>Header Files\Export\Generate</Filter>
    </ClInclude>
    <ClInclude Include="Generate\MyGUI_Export_Window.h">
      <Filter>Header Files\Export\Generate</Filter>
    </ClInclude>
    <ClInclude Include="MyGUI_ExportDataManager.h">
      <Filter>Header Files\Platform</Filter>
    </ClInclude>
    <ClInclude Include="MyGUI_ExportDiagnostic.h">
      <Filter>Header Files\Platform</Filter>
    </ClInclude>
    <ClInclude Include="MyGUI_ExportPlatform.h">
      <Filter>Header Files\Platform</Filter>
    </ClInclude>
    <ClInclude Include="MyGUI_ExportRenderManager.h">
      <Filter>Header Files\Platform</Filter>
    </ClInclude>
    <ClInclude Include="MyGUI_ExportTexture.h">
      <Filter>Header Files\Platform</Filter>
    </ClInclude>
    <ClInclude Include="MyGUI_ExportVertexBuffer.h">
      <Filter>Header Files\Platform</Filter>
    </ClInclude>
    <ClInclude Include="RenderBatchInfo.h">
      <Filter>Header Files\Platform</Filter>
    </ClInclude>
    <ClInclude Include="MyGUI_CustomLayer.h">
      <Filter>Header Files\Extensions</Filter>
    </ClInclude>
    <ClInclude Include="MyGUI_CustomLayerNode.h">
      <Filter>Header Files\Extensions</Filter>
    </ClInclude>
  </ItemGroup>
</Project>