Microsoft Visual Studio Solution File, Format Version 9.00
# Visual Studio 2005
Project("{8BC9CEB8-8B4A-11D0-8D11-00A0C91BC942}") = "Wrapper", "..\..\MyGUI_Source\Wrapper\Wrapper\Wrapper.vcproj", "{0E4CBDBA-7BD0-428F-9BB5-DAB43BBF9155}"
EndProject
Project("{2150E333-8FDC-42A3-9474-1A3956D46DE8}") = "Managed", "Managed", "{C31632D4-C607-422B-979F-D9D05DE166A0}"
EndProject
Project("{2150E333-8FDC-42A3-9474-1A3956D46DE8}") = "Sharp", "Sharp", "{C356F5CA-8B76-4AF1-B779-3EB544FD6104}"
EndProject
Project("{8BC9CEB8-8B4A-11D0-8D11-00A0C91BC942}") = "MyGUI.Export", "..\..\MyGUI_Source\Wrapper\MyGUI.Export\MyGUI.Export.vcproj", "{24DC0D13-8A93-43AA-8157-BCC949645533}"
EndProject
Project("{FAE04EC0-301F-11D3-BF4B-00C04F79EFBC}") = "MyGUI.Sharp", "..\..\MyGUI_Source\Wrapper\MyGUI.Sharp\MyGUI.Sharp.csproj", "{2DCEC480-7E44-4A42-8328-D712DE03007D}"
EndProject
Project("{8BC9CEB8-8B4A-11D0-8D11-00A0C91BC942}") = "MyGUI.Managed", "..\..\MyGUI_Source\Wrapper\MyGUI.Managed\MyGUI.Managed.vcproj", "{9EBA1113-C11A-41B4-9674-3D83E6067B2E}"
EndProject
Global
	GlobalSection(SolutionConfigurationPlatforms) = preSolution
		Debug|Any CPU = Debug|Any CPU
		Debug|Mixed Platforms = Debug|Mixed Platforms
		Debug|Win32 = Debug|Win32
		Release|Any CPU = Release|Any CPU
		Release|Mixed Platforms = Release|Mixed Platforms
		Release|Win32 = Release|Win32
	EndGlobalSection
	GlobalSection(ProjectConfigurationPlatforms) = postSolution
		{0E4CBDBA-7BD0-428F-9BB5-DAB43BBF9155}.Debug|Any CPU.ActiveCfg = Debug|Win32
		{0E4CBDBA-7BD0-428F-9BB5-DAB43BBF9155}.Debug|Mixed Platforms.ActiveCfg = Debug|Win32
		{0E4CBDBA-7BD0-428F-9BB5-DAB43BBF9155}.Debug|Mixed Platforms.Build.0 = Debug|Win32
		{0E4CBDBA-7BD0-428F-9BB5-DAB43BBF9155}.Debug|Win32.ActiveCfg = Debug|Win32
		{0E4CBDBA-7BD0-428F-9BB5-DAB43BBF9155}.Debug|Win32.Build.0 = Debug|Win32
		{0E4CBDBA-7BD0-428F-9BB5-DAB43BBF9155}.Release|Any CPU.ActiveCfg = Release|Win32
		{0E4CBDBA-7BD0-428F-9BB5-DAB43BBF9155}.Release|Mixed Platforms.ActiveCfg = Release|Win32
		{0E4CBDBA-7BD0-428F-9BB5-DAB43BBF9155}.Release|Mixed Platforms.Build.0 = Release|Win32
		{0E4CBDBA-7BD0-428F-9BB5-DAB43BBF9155}.Release|Win32.ActiveCfg = Release|Win32
		{0E4CBDBA-7BD0-428F-9BB5-DAB43BBF9155}.Release|Win32.Build.0 = Release|Win32
		{24DC0D13-8A93-43AA-8157-BCC949645533}.Debug|Any CPU.ActiveCfg = Debug|Win32
		{24DC0D13-8A93-43AA-8157-BCC949645533}.Debug|Mixed Platforms.ActiveCfg = Debug|Win32
		{24DC0D13-8A93-43AA-8157-BCC949645533}.Debug|Mixed Platforms.Build.0 = Debug|Win32
		{24DC0D13-8A93-43AA-8157-BCC949645533}.Debug|Win32.ActiveCfg = Debug|Win32
		{24DC0D13-8A93-43AA-8157-BCC949645533}.Debug|Win32.Build.0 = Debug|Win32
		{24DC0D13-8A93-43AA-8157-BCC949645533}.Release|Any CPU.ActiveCfg = Release|Win32
		{24DC0D13-8A93-43AA-8157-BCC949645533}.Release|Mixed Platforms.ActiveCfg = Release|Win32
		{24DC0D13-8A93-43AA-8157-BCC949645533}.Release|Mixed Platforms.Build.0 = Release|Win32
		{24DC0D13-8A93-43AA-8157-BCC949645533}.Release|Win32.ActiveCfg = Release|Win32
		{24DC0D13-8A93-43AA-8157-BCC949645533}.Release|Win32.Build.0 = Release|Win32
		{2DCEC480-7E44-4A42-8328-D712DE03007D}.Debug|Any CPU.ActiveCfg = Debug|Any CPU
		{2DCEC480-7E44-4A42-8328-D712DE03007D}.Debug|Any CPU.Build.0 = Debug|Any CPU
		{2DCEC480-7E44-4A42-8328-D712DE03007D}.Debug|Mixed Platforms.ActiveCfg = Debug|Any CPU
		{2DCEC480-7E44-4A42-8328-D712DE03007D}.Debug|Mixed Platforms.Build.0 = Debug|Any CPU
		{2DCEC480-7E44-4A42-8328-D712DE03007D}.Debug|Win32.ActiveCfg = Debug|Any CPU
		{2DCEC480-7E44-4A42-8328-D712DE03007D}.Release|Any CPU.ActiveCfg = Release|Any CPU
		{2DCEC480-7E44-4A42-8328-D712DE03007D}.Release|Any CPU.Build.0 = Release|Any CPU
		{2DCEC480-7E44-4A42-8328-D712DE03007D}.Release|Mixed Platforms.ActiveCfg = Release|Any CPU
		{2DCEC480-7E44-4A42-8328-D712DE03007D}.Release|Mixed Platforms.Build.0 = Release|Any CPU
		{2DCEC480-7E44-4A42-8328-D712DE03007D}.Release|Win32.ActiveCfg = Release|Any CPU
		{9EBA1113-C11A-41B4-9674-3D83E6067B2E}.Debug|Any CPU.ActiveCfg = Debug|Win32
		{9EBA1113-C11A-41B4-9674-3D83E6067B2E}.Debug|Mixed Platforms.ActiveCfg = Debug|Win32
		{9EBA1113-C11A-41B4-9674-3D83E6067B2E}.Debug|Mixed Platforms.Build.0 = Debug|Win32
		{9EBA1113-C11A-41B4-9674-3D83E6067B2E}.Debug|Win32.ActiveCfg = Debug|Win32
		{9EBA1113-C11A-41B4-9674-3D83E6067B2E}.Debug|Win32.Build.0 = Debug|Win32
		{9EBA1113-C11A-41B4-9674-3D83E6067B2E}.Release|Any CPU.ActiveCfg = Release|Win32
		{9EBA1113-C11A-41B4-9674-3D83E6067B2E}.Release|Mixed Platforms.ActiveCfg = Release|Win32
		{9EBA1113-C11A-41B4-9674-3D83E6067B2E}.Release|Mixed Platforms.Build.0 = Release|Win32
		{9EBA1113-C11A-41B4-9674-3D83E6067B2E}.Release|Win32.ActiveCfg = Release|Win32
		{9EBA1113-C11A-41B4-9674-3D83E6067B2E}.Release|Win32.Build.0 = Release|Win32
	EndGlobalSection
	GlobalSection(SolutionProperties) = preSolution
		HideSolutionNode = FALSE
	EndGlobalSection
	GlobalSection(NestedProjects) = preSolution
		{9EBA1113-C11A-41B4-9674-3D83E6067B2E} = {C31632D4-C607-422B-979F-D9D05DE166A0}
		{24DC0D13-8A93-43AA-8157-BCC949645533} = {C356F5CA-8B76-4AF1-B779-3EB544FD6104}
		{2DCEC480-7E44-4A42-8328-D712DE03007D} = {C356F5CA-8B76-4AF1-B779-3EB544FD6104}
	EndGlobalSection
EndGlobal
