<?xml version="1.0" encoding="UTF-8" standalone="yes" ?>
<CodeBlocks_project_file>
	<FileVersion major="1" minor="6" />
	<Project>
		<Option title="MyGUIEngine" />
		<Option pch_mode="2" />
		<Option compiler="gcc" />
		<Build>
			<Target title="Linux_Debug">
				<Option platforms="Unix;" />
				<Option output="lib/libmygui_d.so" prefix_auto="0" extension_auto="0" />
				<Option object_output="obj/Debug/" />
				<Option type="3" />
				<Option compiler="gcc" />
				<Option createDefFile="1" />
				<Option createStaticLib="1" />
				<Compiler>
					<Add option="-g" />
					<Add option="-fpic -fvisibility=hidden" />
				</Compiler>
				<Linker>
					<Add option="-Wl,-rpath,." />
					<Add library="OgreMain" />
					<Add library="uuid" />
				</Linker>
			</Target>
			<Target title="Linux_Release">
				<Option platforms="Unix;" />
				<Option output="lib/libmygui.so" prefix_auto="0" extension_auto="0" />
				<Option object_output="obj/Release/" />
				<Option type="3" />
				<Option compiler="gcc" />
				<Option createDefFile="1" />
				<Option createStaticLib="1" />
				<Compiler>
					<Add option="-O3" />
					<Add option="-fpic -fvisibility=hidden" />
				</Compiler>
				<Linker>
					<Add option="-s" />
					<Add option="-Wl,-rpath,." />
					<Add library="OgreMain" />
					<Add library="uuid" />
				</Linker>
			</Target>
			<Target title="Linux_ICC_Release">
				<Option platforms="Unix;" />
				<Option output="lib/libmygui_icc.so" prefix_auto="0" extension_auto="0" />
				<Option object_output="obj/ICC_Release/" />
				<Option type="3" />
				<Option compiler="icc" />
				<Option createDefFile="1" />
				<Option createStaticLib="1" />
				<Compiler>
					<Add option="-O3" />
					<Add option="-Wp64" />
					<Add option="-Wall" />
					<Add option="-fpic -fvisibility=hidden" />
					<Add option="-wd981,383,869,424,1572,1418,654" />
					<Add option="-no-multibyte-chars" />
				</Compiler>
				<Linker>
					<Add option="-Wl,-rpath,." />
					<Add library="OgreMain" />
					<Add library="uuid" />
				</Linker>
			</Target>
			<Target title="Windows_Debug">
				<Option platforms="Windows;" />
				<Option output="lib/debug/MyGUI_d.dll" prefix_auto="0" extension_auto="0" />
				<Option object_output="obj/Debug/" />
				<Option type="3" />
				<Option compiler="gcc" />
				<Option createDefFile="1" />
				<Compiler>
					<Add option="-g" />
					<Add option="-D_DEBUG" />
					<Add option="-DWIN32" />
					<Add option="-D_WINDOWS" />
					<Add option="-D_USRDLL" />
					<Add option="-DMYGUIENGINE_EXPORTS" />
					<Add option="-DMYGUI_NONCLIENT_BUILD" />
				</Compiler>
				<Linker>
					<Add library="OgreMain_d" />
					<Add library="freetype6" />
					<Add library="ole32" />
				</Linker>
			</Target>
			<Target title="Windows_Release">
				<Option platforms="Windows;" />
				<Option output="lib/release/MyGUI.dll" prefix_auto="0" extension_auto="0" />
				<Option object_output="obj/Release/" />
				<Option type="3" />
				<Option compiler="gcc" />
				<Option createDefFile="1" />
				<Compiler>
					<Add option="-DNDEBUG" />
					<Add option="-DWIN32" />
					<Add option="-D_WINDOWS" />
					<Add option="-D_USRDLL" />
					<Add option="-DMYGUIENGINE_EXPORTS" />
					<Add option="-DMYGUI_NONCLIENT_BUILD" />
				</Compiler>
				<Linker>
					<Add option="-s" />
					<Add library="OgreMain" />
					<Add library="freetype6" />
					<Add library="ole32" />
				</Linker>
			</Target>
		</Build>
		<Compiler>
			<Add option="-Wall" />
			<Add directory="include" />
			<Add directory="$(OGRE_HOME)/OgreMain/include" />
			<Add directory="$(OGRE_HOME)/Dependencies/include" />
			<Add directory="$(OGRE_HOME)/Dependencies/include/freetype" />
			<Add directory="/usr/include/freetype2" />
			<Add directory="/usr/local/include/OGRE" />
			<Add directory="C:/OgreSDK/include" />
			<Add directory="C:/code/freetype/src/freetype/2.3.5/freetype-2.3.5/include" />
		</Compiler>
		<Linker>
			<Add directory="$(OGRE_HOME)/Dependencies/lib/$(TARGET_NAME)" />
			<Add directory="$(OGRE_HOME)/lib" />
			<Add directory="C:/OgreSDK/bin/release" />
			<Add directory="C:/OgreSDK/bin/debug" />
			<Add directory="C:/code/freetype/bin" />
		</Linker>
		<Unit filename="include/MyGUI.h" />
		<Unit filename="include/MyGUI_ActionController.h" />
		<Unit filename="include/MyGUI_Align.h" />
		<Unit filename="include/MyGUI_Any.h" />
		<Unit filename="include/MyGUI_BiIndexBase.h" />
		<Unit filename="include/MyGUI_Button.h" />
		<Unit filename="include/MyGUI_ButtonFactory.h" />
		<Unit filename="include/MyGUI_Canvas.h" />
		<Unit filename="include/MyGUI_CanvasFactory.h" />
		<Unit filename="include/MyGUI_CastWidget.h" />
		<Unit filename="include/MyGUI_ChildSkinInfo.h" />
		<Unit filename="include/MyGUI_ClipboardManager.h" />
		<Unit filename="include/MyGUI_Colour.h" />
		<Unit filename="include/MyGUI_ComboBox.h" />
		<Unit filename="include/MyGUI_ComboBoxFactory.h" />
		<Unit filename="include/MyGUI_Common.h" />
		<Unit filename="include/MyGUI_ControllerEdgeHide.h" />
		<Unit filename="include/MyGUI_ControllerFadeAlpha.h" />
		<Unit filename="include/MyGUI_ControllerItem.h" />
		<Unit filename="include/MyGUI_ControllerManager.h" />
		<Unit filename="include/MyGUI_ControllerPosition.h" />
		<Unit filename="include/MyGUI_Convert.h" />
		<Unit filename="include/MyGUI_DDContainer.h" />
		<Unit filename="include/MyGUI_DDContainerFactory.h" />
		<Unit filename="include/MyGUI_Delegate.h" />
		<Unit filename="include/MyGUI_DelegateImplement.h" />
		<Unit filename="include/MyGUI_DelegateManager.h" />
		<Unit filename="include/MyGUI_DrawItem.h" />
		<Unit filename="include/MyGUI_DynLib.h" />
		<Unit filename="include/MyGUI_DynLibManager.h" />
		<Unit filename="include/MyGUI_Edit.h" />
		<Unit filename="include/MyGUI_EditFactory.h" />
		<Unit filename="include/MyGUI_EditText.h" />
		<Unit filename="include/MyGUI_EnumCharInfo.h" />
		<Unit filename="include/MyGUI_Enumerator.h" />
		<Unit filename="include/MyGUI_EventPair.h" />
		<Unit filename="include/MyGUI_Font.h" />
		<Unit filename="include/MyGUI_FontManager.h" />
		<Unit filename="include/MyGUI_Gui.h" />
		<Unit filename="include/MyGUI_Guid.h" />
		<Unit filename="include/MyGUI_HScroll.h" />
		<Unit filename="include/MyGUI_HScrollFactory.h" />
		<Unit filename="include/MyGUI_ICroppedRectangle.h" />
		<Unit filename="include/MyGUI_IResource.h" />
		<Unit filename="include/MyGUI_ISubWidget.h" />
		<Unit filename="include/MyGUI_ISubWidgetFactory.h" />
		<Unit filename="include/MyGUI_ISubWidgetRect.h" />
		<Unit filename="include/MyGUI_ISubWidgetText.h" />
		<Unit filename="include/MyGUI_IUnlinkWidget.h" />
		<Unit filename="include/MyGUI_IWidgetCreator.h" />
		<Unit filename="include/MyGUI_IWidgetFactory.h" />
		<Unit filename="include/MyGUI_ImageInfo.h" />
		<Unit filename="include/MyGUI_InputDefine.h" />
		<Unit filename="include/MyGUI_InputManager.h" />
		<Unit filename="include/MyGUI_Instance.h" />
		<Unit filename="include/MyGUI_ItemBox.h" />
		<Unit filename="include/MyGUI_ItemBoxFactory.h" />
		<Unit filename="include/MyGUI_ItemDropInfo.h" />
		<Unit filename="include/MyGUI_ItemInfo.h" />
		<Unit filename="include/MyGUI_LanguageManager.h" />
		<Unit filename="include/MyGUI_LastHeader.h" />
		<Unit filename="include/MyGUI_LayerItem.h" />
		<Unit filename="include/MyGUI_LayerItemKeeper.h" />
		<Unit filename="include/MyGUI_LayerKeeper.h" />
		<Unit filename="include/MyGUI_LayerManager.h" />
		<Unit filename="include/MyGUI_LayoutManager.h" />
		<Unit filename="include/MyGUI_List.h" />
		<Unit filename="include/MyGUI_ListFactory.h" />
		<Unit filename="include/MyGUI_LogManager.h" />
		<Unit filename="include/MyGUI_LogStream.h" />
		<Unit filename="include/MyGUI_Macros.h" />
		<Unit filename="include/MyGUI_MainSkin.h" />
		<Unit filename="include/MyGUI_MaskPickInfo.h" />
		<Unit filename="include/MyGUI_MenuBar.h" />
		<Unit filename="include/MyGUI_MenuBarFactory.h" />
		<Unit filename="include/MyGUI_MenuCtrl.h" />
		<Unit filename="include/MyGUI_MenuCtrlFactory.h" />
		<Unit filename="include/MyGUI_MenuItem.h" />
		<Unit filename="include/MyGUI_MenuItemFactory.h" />
		<Unit filename="include/MyGUI_MenuItemType.h" />
		<Unit filename="include/MyGUI_Message.h" />
		<Unit filename="include/MyGUI_MessageFactory.h" />
		<Unit filename="include/MyGUI_MessageStyle.h" />
		<Unit filename="include/MyGUI_MultiList.h" />
		<Unit filename="include/MyGUI_MultiListFactory.h" />
		<Unit filename="include/MyGUI_Platform.h" />
		<Unit filename="include/MyGUI_Plugin.h" />
		<Unit filename="include/MyGUI_PluginManager.h" />
		<Unit filename="include/MyGUI_PointerInfo.h" />
		<Unit filename="include/MyGUI_PointerManager.h" />
		<Unit filename="include/MyGUI_PopupMenu.h" />
		<Unit filename="include/MyGUI_PopupMenuFactory.h" />
		<Unit filename="include/MyGUI_Precompiled.h">
			<Option compile="1" />
			<Option weight="40" />
		</Unit>
		<Unit filename="include/MyGUI_Prerequest.h" />
		<Unit filename="include/MyGUI_Progress.h" />
		<Unit filename="include/MyGUI_ProgressFactory.h" />
		<Unit filename="include/MyGUI_RawRect.h" />
		<Unit filename="include/MyGUI_RenderBox.h" />
		<Unit filename="include/MyGUI_RenderBoxFactory.h" />
		<Unit filename="include/MyGUI_RenderItem.h" />
		<Unit filename="include/MyGUI_RenderOut.h" />
		<Unit filename="include/MyGUI_ResourceImageSet.h" />
		<Unit filename="include/MyGUI_ResourceManager.h" />
		<Unit filename="include/MyGUI_ResourcePath.h" />
		<Unit filename="include/MyGUI_Rtti.h" />
		<Unit filename="include/MyGUI_ScrollView.h" />
		<Unit filename="include/MyGUI_ScrollViewFactory.h" />
		<Unit filename="include/MyGUI_SimpleText.h" />
		<Unit filename="include/MyGUI_SkinManager.h" />
		<Unit filename="include/MyGUI_StaticImage.h" />
		<Unit filename="include/MyGUI_StaticImageFactory.h" />
		<Unit filename="include/MyGUI_StaticText.h" />
		<Unit filename="include/MyGUI_StaticTextFactory.h" />
		<Unit filename="include/MyGUI_SubSkin.h" />
		<Unit filename="include/MyGUI_SubWidgetBinding.h" />
		<Unit filename="include/MyGUI_SubWidgetManager.h" />
		<Unit filename="include/MyGUI_TCoord.h" />
		<Unit filename="include/MyGUI_TPoint.h" />
		<Unit filename="include/MyGUI_TRect.h" />
		<Unit filename="include/MyGUI_TSize.h" />
		<Unit filename="include/MyGUI_Tab.h" />
		<Unit filename="include/MyGUI_TabFactory.h" />
		<Unit filename="include/MyGUI_TabItem.h" />
		<Unit filename="include/MyGUI_TabItemFactory.h" />
		<Unit filename="include/MyGUI_TextChangeHistory.h" />
		<Unit filename="include/MyGUI_TextIterator.h" />
		<Unit filename="include/MyGUI_TileRect.h" />
		<Unit filename="include/MyGUI_Types.h" />
		<Unit filename="include/MyGUI_Utility.h" />
		<Unit filename="include/MyGUI_VScroll.h" />
		<Unit filename="include/MyGUI_VScrollFactory.h" />
		<Unit filename="include/MyGUI_Version.h" />
		<Unit filename="include/MyGUI_Widget.h" />
		<Unit filename="include/MyGUI_WidgetDefines.h" />
		<Unit filename="include/MyGUI_WidgetEvent.h" />
		<Unit filename="include/MyGUI_WidgetFactory.h" />
		<Unit filename="include/MyGUI_WidgetManager.h" />
		<Unit filename="include/MyGUI_WidgetOIS.h" />
		<Unit filename="include/MyGUI_WidgetSkinInfo.h" />
		<Unit filename="include/MyGUI_WidgetStyle.h" />
		<Unit filename="include/MyGUI_WidgetToolTip.h" />
		<Unit filename="include/MyGUI_WidgetTranslate.h" />
		<Unit filename="include/MyGUI_WidgetUserData.h" />
		<Unit filename="include/MyGUI_Window.h" />
		<Unit filename="include/MyGUI_WindowFactory.h" />
		<Unit filename="include/MyGUI_XmlDocument.h" />
		<Unit filename="src/MyGUI_ActionController.cpp" />
		<Unit filename="src/MyGUI_Any.cpp" />
		<Unit filename="src/MyGUI_Button.cpp" />
		<Unit filename="src/MyGUI_ButtonFactory.cpp" />
		<Unit filename="src/MyGUI_Canvas.cpp" />
		<Unit filename="src/MyGUI_CanvasFactory.cpp" />
		<Unit filename="src/MyGUI_ClipboardManager.cpp" />
		<Unit filename="src/MyGUI_Colour.cpp" />
		<Unit filename="src/MyGUI_ComboBox.cpp" />
		<Unit filename="src/MyGUI_ComboBoxFactory.cpp" />
		<Unit filename="src/MyGUI_ControllerEdgeHide.cpp" />
		<Unit filename="src/MyGUI_ControllerFadeAlpha.cpp" />
		<Unit filename="src/MyGUI_ControllerManager.cpp" />
		<Unit filename="src/MyGUI_ControllerPosition.cpp" />
		<Unit filename="src/MyGUI_Convert.cpp" />
		<Unit filename="src/MyGUI_DDContainer.cpp" />
		<Unit filename="src/MyGUI_DDContainerFactory.cpp" />
		<Unit filename="src/MyGUI_DelegateManager.cpp" />
		<Unit filename="src/MyGUI_DocArray.cpp" />
		<Unit filename="src/MyGUI_DocType.cpp" />
		<Unit filename="src/MyGUI_DynLib.cpp" />
		<Unit filename="src/MyGUI_DynLibManager.cpp" />
		<Unit filename="src/MyGUI_Edit.cpp" />
		<Unit filename="src/MyGUI_EditFactory.cpp" />
		<Unit filename="src/MyGUI_EditText.cpp" />
		<Unit filename="src/MyGUI_Font.cpp" />
		<Unit filename="src/MyGUI_FontManager.cpp" />
		<Unit filename="src/MyGUI_Gui.cpp" />
		<Unit filename="src/MyGUI_Guid.cpp" />
		<Unit filename="src/MyGUI_HScroll.cpp" />
		<Unit filename="src/MyGUI_HScrollFactory.cpp" />
		<Unit filename="src/MyGUI_IWidgetCreator.cpp" />
		<Unit filename="src/MyGUI_InputManager.cpp" />
		<Unit filename="src/MyGUI_ItemBox.cpp" />
		<Unit filename="src/MyGUI_ItemBoxFactory.cpp" />
		<Unit filename="src/MyGUI_LanguageManager.cpp" />
		<Unit filename="src/MyGUI_LayerItemKeeper.cpp" />
		<Unit filename="src/MyGUI_LayerKeeper.cpp" />
		<Unit filename="src/MyGUI_LayerManager.cpp" />
		<Unit filename="src/MyGUI_LayoutManager.cpp" />
		<Unit filename="src/MyGUI_List.cpp" />
		<Unit filename="src/MyGUI_ListFactory.cpp" />
		<Unit filename="src/MyGUI_LogManager.cpp" />
		<Unit filename="src/MyGUI_LogStream.cpp" />
		<Unit filename="src/MyGUI_MainSkin.cpp" />
		<Unit filename="src/MyGUI_MaskPickInfo.cpp" />
		<Unit filename="src/MyGUI_MenuBar.cpp" />
		<Unit filename="src/MyGUI_MenuBarFactory.cpp" />
		<Unit filename="src/MyGUI_MenuCtrl.cpp" />
		<Unit filename="src/MyGUI_MenuCtrlFactory.cpp" />
		<Unit filename="src/MyGUI_MenuItem.cpp" />
		<Unit filename="src/MyGUI_MenuItemFactory.cpp" />
		<Unit filename="src/MyGUI_Message.cpp" />
		<Unit filename="src/MyGUI_MessageFactory.cpp" />
		<Unit filename="src/MyGUI_MultiList.cpp" />
		<Unit filename="src/MyGUI_MultiListFactory.cpp" />
		<Unit filename="src/MyGUI_PluginManager.cpp" />
		<Unit filename="src/MyGUI_PointerManager.cpp" />
		<Unit filename="src/MyGUI_PopupMenu.cpp" />
		<Unit filename="src/MyGUI_PopupMenuFactory.cpp" />
		<Unit filename="src/MyGUI_Precompiled.cpp" />
		<Unit filename="src/MyGUI_Progress.cpp" />
		<Unit filename="src/MyGUI_ProgressFactory.cpp" />
		<Unit filename="src/MyGUI_RawRect.cpp" />
		<Unit filename="src/MyGUI_RenderBox.cpp" />
		<Unit filename="src/MyGUI_RenderBoxFactory.cpp" />
		<Unit filename="src/MyGUI_RenderItem.cpp" />
		<Unit filename="src/MyGUI_RenderOut.cpp" />
		<Unit filename="src/MyGUI_ResourceImageSet.cpp" />
		<Unit filename="src/MyGUI_ResourceManager.cpp" />
		<Unit filename="src/MyGUI_ResourcePath.cpp" />
		<Unit filename="src/MyGUI_ScrollView.cpp" />
		<Unit filename="src/MyGUI_ScrollViewFactory.cpp" />
		<Unit filename="src/MyGUI_SimpleText.cpp" />
		<Unit filename="src/MyGUI_SkinManager.cpp" />
		<Unit filename="src/MyGUI_StaticImage.cpp" />
		<Unit filename="src/MyGUI_StaticImageFactory.cpp" />
		<Unit filename="src/MyGUI_StaticText.cpp" />
		<Unit filename="src/MyGUI_StaticTextFactory.cpp" />
		<Unit filename="src/MyGUI_SubSkin.cpp" />
		<Unit filename="src/MyGUI_SubWidgetManager.cpp" />
		<Unit filename="src/MyGUI_Tab.cpp" />
		<Unit filename="src/MyGUI_TabFactory.cpp" />
		<Unit filename="src/MyGUI_TabItem.cpp" />
		<Unit filename="src/MyGUI_TabItemFactory.cpp" />
		<Unit filename="src/MyGUI_TextIterator.cpp" />
		<Unit filename="src/MyGUI_TileRect.cpp" />
		<Unit filename="src/MyGUI_VScroll.cpp" />
		<Unit filename="src/MyGUI_VScrollFactory.cpp" />
		<Unit filename="src/MyGUI_Widget.cpp" />
		<Unit filename="src/MyGUI_WidgetFactory.cpp" />
		<Unit filename="src/MyGUI_WidgetManager.cpp" />
		<Unit filename="src/MyGUI_Window.cpp" />
		<Unit filename="src/MyGUI_WindowFactory.cpp" />
		<Unit filename="src/MyGUI_XmlDocument.cpp" />
		<Extensions>
			<envvars />
			<code_completion />
			<debugger />
		</Extensions>
	</Project>
</CodeBlocks_project_file>
